
Microsoft Visual Studio Solution File, Format Version 12.00
# Visual Studio 15
Project("{FAE04EC0-301F-11D3-BF4B-00C04F79EFBC}") = "Assembly-CSharp", "Assembly-CSharp.csproj", "{1A54B0DE-E1FD-B9D2-C1BC-057E688D6EB5}"
EndProject
Project("{FAE04EC0-301F-11D3-BF4B-00C04F79EFBC}") = "Assembly-CSharp-Editor", "Assembly-CSharp-Editor.csproj", "{1DB8747B-B02E-F5DB-9AAC-1A04E224A81C}"
EndProject
Project("{9A19103F-16F7-4668-BE54-9A1E7A4F7556}") = "Network", "..\Network\Network.csproj", "{B5D6EC49-E9A8-4304-B0C6-C8E0CF9AAB1C}"
EndProject
Project("{9A19103F-16F7-4668-BE54-9A1E7A4F7556}") = "GameCore", "..\GameCore\GameCore.csproj", "{03BFF3E4-B0F9-4438-865C-DE4A74955F86}"
EndProject
Project("{9A19103F-16F7-4668-BE54-9A1E7A4F7556}") = "LogView", "..\Log\LogView.csproj", "{AA5E6097-B277-409C-9FCF-A27F9A8B9A27}"
EndProject
Project("{FAE04EC0-301F-11D3-BF4B-00C04F79EFBC}") = "LibraryExplorer", "..\LibraryExplorer\LibraryExplorer.csproj", "{10B732F4-FAF8-477F-B4DD-D1FC12FDD6D2}"
EndProject
Global
	GlobalSection(SolutionConfigurationPlatforms) = preSolution
		Debug|Any CPU = Debug|Any CPU
		Release|Any CPU = Release|Any CPU
	EndGlobalSection
	GlobalSection(ProjectConfigurationPlatforms) = postSolution
		{1A54B0DE-E1FD-B9D2-C1BC-057E688D6EB5}.Debug|Any CPU.ActiveCfg = Debug|Any CPU
		{1A54B0DE-E1FD-B9D2-C1BC-057E688D6EB5}.Debug|Any CPU.Build.0 = Debug|Any CPU
		{1A54B0DE-E1FD-B9D2-C1BC-057E688D6EB5}.Release|Any CPU.ActiveCfg = Release|Any CPU
		{1A54B0DE-E1FD-B9D2-C1BC-057E688D6EB5}.Release|Any CPU.Build.0 = Release|Any CPU
		{1DB8747B-B02E-F5DB-9AAC-1A04E224A81C}.Debug|Any CPU.ActiveCfg = Debug|Any CPU
		{1DB8747B-B02E-F5DB-9AAC-1A04E224A81C}.Debug|Any CPU.Build.0 = Debug|Any CPU
		{1DB8747B-B02E-F5DB-9AAC-1A04E224A81C}.Release|Any CPU.ActiveCfg = Release|Any CPU
		{1DB8747B-B02E-F5DB-9AAC-1A04E224A81C}.Release|Any CPU.Build.0 = Release|Any CPU
		{B5D6EC49-E9A8-4304-B0C6-C8E0CF9AAB1C}.Debug|Any CPU.ActiveCfg = Debug|Any CPU
		{B5D6EC49-E9A8-4304-B0C6-C8E0CF9AAB1C}.Debug|Any CPU.Build.0 = Debug|Any CPU
		{B5D6EC49-E9A8-4304-B0C6-C8E0CF9AAB1C}.Release|Any CPU.ActiveCfg = Release|Any CPU
		{B5D6EC49-E9A8-4304-B0C6-C8E0CF9AAB1C}.Release|Any CPU.Build.0 = Release|Any CPU
		{03BFF3E4-B0F9-4438-865C-DE4A74955F86}.Debug|Any CPU.ActiveCfg = Debug|Any CPU
		{03BFF3E4-B0F9-4438-865C-DE4A74955F86}.Debug|Any CPU.Build.0 = Debug|Any CPU
		{03BFF3E4-B0F9-4438-865C-DE4A74955F86}.Release|Any CPU.ActiveCfg = Release|Any CPU
		{03BFF3E4-B0F9-4438-865C-DE4A74955F86}.Release|Any CPU.Build.0 = Release|Any CPU
		{AA5E6097-B277-409C-9FCF-A27F9A8B9A27}.Debug|Any CPU.ActiveCfg = Debug|Any CPU
		{AA5E6097-B277-409C-9FCF-A27F9A8B9A27}.Debug|Any CPU.Build.0 = Debug|Any CPU
		{AA5E6097-B277-409C-9FCF-A27F9A8B9A27}.Release|Any CPU.ActiveCfg = Release|Any CPU
		{AA5E6097-B277-409C-9FCF-A27F9A8B9A27}.Release|Any CPU.Build.0 = Release|Any CPU
		{10B732F4-FAF8-477F-B4DD-D1FC12FDD6D2}.Debug|Any CPU.ActiveCfg = Debug|Any CPU
		{10B732F4-FAF8-477F-B4DD-D1FC12FDD6D2}.Debug|Any CPU.Build.0 = Debug|Any CPU
		{10B732F4-FAF8-477F-B4DD-D1FC12FDD6D2}.Release|Any CPU.ActiveCfg = Release|Any CPU
		{10B732F4-FAF8-477F-B4DD-D1FC12FDD6D2}.Release|Any CPU.Build.0 = Release|Any CPU
	EndGlobalSection
	GlobalSection(SolutionProperties) = preSolution
		HideSolutionNode = FALSE
	EndGlobalSection
EndGlobal
